// !$*UTF8*$!
{
	archiveVersion = 1;
	classes = {
	};
	objectVersion = 50;
	objects = {

/* Begin PBXBuildFile section */
		A428FF82211FC99D00F54C31 /* PersistentStore.swift in Sources */ = {isa = PBXBuildFile; fileRef = A428FF81211FC99D00F54C31 /* PersistentStore.swift */; };
		A45DF8BF211FA6CE008F0D3C /* Constants.swift in Sources */ = {isa = PBXBuildFile; fileRef = A45DF8BE211FA6CE008F0D3C /* Constants.swift */; };
		A45DF8C1211FA9B8008F0D3C /* MainViewController.swift in Sources */ = {isa = PBXBuildFile; fileRef = A45DF8C0211FA9B8008F0D3C /* MainViewController.swift */; };
		A45E8653212A144A00BA2E85 /* libBeetsBLU.a in Frameworks */ = {isa = PBXBuildFile; fileRef = A45E864D212A144A00BA2E85 /* libBeetsBLU.a */; };
		A45E8655212A14FE00BA2E85 /* HeartChart.swift in Sources */ = {isa = PBXBuildFile; fileRef = A45E8654212A14FE00BA2E85 /* HeartChart.swift */; };
		A4E3A6EA211F804B00E5DE65 /* AppDelegate.swift in Sources */ = {isa = PBXBuildFile; fileRef = A4E3A6E9211F804B00E5DE65 /* AppDelegate.swift */; };
		A4E3A6EF211F804B00E5DE65 /* Main.storyboard in Resources */ = {isa = PBXBuildFile; fileRef = A4E3A6ED211F804B00E5DE65 /* Main.storyboard */; };
		A4E3A6F1211F804C00E5DE65 /* Assets.xcassets in Resources */ = {isa = PBXBuildFile; fileRef = A4E3A6F0211F804C00E5DE65 /* Assets.xcassets */; };
		A4E3A6F4211F804C00E5DE65 /* LaunchScreen.storyboard in Resources */ = {isa = PBXBuildFile; fileRef = A4E3A6F2211F804C00E5DE65 /* LaunchScreen.storyboard */; };
		A4E3A6FF211F804C00E5DE65 /* HeartChart_iOSTests.swift in Sources */ = {isa = PBXBuildFile; fileRef = A4E3A6FE211F804C00E5DE65 /* HeartChart_iOSTests.swift */; };
		A4E3A70A211F804C00E5DE65 /* HeartChart_iOSUITests.swift in Sources */ = {isa = PBXBuildFile; fileRef = A4E3A709211F804C00E5DE65 /* HeartChart_iOSUITests.swift */; };
		E2BA2DE983ACD13396489783 /* Pods_HeartChart_iOS.framework in Frameworks */ = {isa = PBXBuildFile; fileRef = 18C6794F8AAAAAD875F20157 /* Pods_HeartChart_iOS.framework */; };
/* End PBXBuildFile section */

/* Begin PBXContainerItemProxy section */
		A4E3A6FB211F804C00E5DE65 /* PBXContainerItemProxy */ = {
			isa = PBXContainerItemProxy;
			containerPortal = A4E3A6DE211F804B00E5DE65 /* Project object */;
			proxyType = 1;
			remoteGlobalIDString = A4E3A6E5211F804B00E5DE65;
			remoteInfo = "HeartChart-iOS";
		};
		A4E3A706211F804C00E5DE65 /* PBXContainerItemProxy */ = {
			isa = PBXContainerItemProxy;
			containerPortal = A4E3A6DE211F804B00E5DE65 /* Project object */;
			proxyType = 1;
			remoteGlobalIDString = A4E3A6E5211F804B00E5DE65;
			remoteInfo = "HeartChart-iOS";
		};
/* End PBXContainerItemProxy section */

/* Begin PBXFileReference section */
		18C6794F8AAAAAD875F20157 /* Pods_HeartChart_iOS.framework */ = {isa = PBXFileReference; explicitFileType = wrapper.framework; includeInIndex = 0; path = Pods_HeartChart_iOS.framework; sourceTree = BUILT_PRODUCTS_DIR; };
		5127029A894C858C575EFEFD /* Pods-HeartChart-iOS.debug.xcconfig */ = {isa = PBXFileReference; includeInIndex = 1; lastKnownFileType = text.xcconfig; name = "Pods-HeartChart-iOS.debug.xcconfig"; path = "Pods/Target Support Files/Pods-HeartChart-iOS/Pods-HeartChart-iOS.debug.xcconfig"; sourceTree = "<group>"; };
		A428FF81211FC99D00F54C31 /* PersistentStore.swift */ = {isa = PBXFileReference; lastKnownFileType = sourcecode.swift; path = PersistentStore.swift; sourceTree = "<group>"; };
		A45DF8BE211FA6CE008F0D3C /* Constants.swift */ = {isa = PBXFileReference; lastKnownFileType = sourcecode.swift; path = Constants.swift; sourceTree = "<group>"; };
		A45DF8C0211FA9B8008F0D3C /* MainViewController.swift */ = {isa = PBXFileReference; lastKnownFileType = sourcecode.swift; path = MainViewController.swift; sourceTree = "<group>"; };
		A45E8647212A144A00BA2E85 /* BBBLEDiscoveryManager.h */ = {isa = PBXFileReference; fileEncoding = 4; lastKnownFileType = sourcecode.c.h; path = BBBLEDiscoveryManager.h; sourceTree = "<group>"; };
		A45E8648212A144A00BA2E85 /* BBBLEWSSimpleCollector.h */ = {isa = PBXFileReference; fileEncoding = 4; lastKnownFileType = sourcecode.c.h; path = BBBLEWSSimpleCollector.h; sourceTree = "<group>"; };
		A45E8649212A144A00BA2E85 /* BBBLEHRMDiscoveryManager.h */ = {isa = PBXFileReference; fileEncoding = 4; lastKnownFileType = sourcecode.c.h; path = BBBLEHRMDiscoveryManager.h; sourceTree = "<group>"; };
		A45E864A212A144A00BA2E85 /* BBBLEBSCDiscoveryManager.h */ = {isa = PBXFileReference; fileEncoding = 4; lastKnownFileType = sourcecode.c.h; path = BBBLEBSCDiscoveryManager.h; sourceTree = "<group>"; };
		A45E864B212A144A00BA2E85 /* BBBLEWSDevice.h */ = {isa = PBXFileReference; fileEncoding = 4; lastKnownFileType = sourcecode.c.h; path = BBBLEWSDevice.h; sourceTree = "<group>"; };
		A45E864C212A144A00BA2E85 /* BBBLEBSCDevice.h */ = {isa = PBXFileReference; fileEncoding = 4; lastKnownFileType = sourcecode.c.h; path = BBBLEBSCDevice.h; sourceTree = "<group>"; };
		A45E864D212A144A00BA2E85 /* libBeetsBLU.a */ = {isa = PBXFileReference; lastKnownFileType = archive.ar; path = libBeetsBLU.a; sourceTree = "<group>"; };
		A45E864E212A144A00BA2E85 /* BBBLEDevice.h */ = {isa = PBXFileReference; fileEncoding = 4; lastKnownFileType = sourcecode.c.h; path = BBBLEDevice.h; sourceTree = "<group>"; };
		A45E864F212A144A00BA2E85 /* BBBLEWSDiscoveryManager.h */ = {isa = PBXFileReference; fileEncoding = 4; lastKnownFileType = sourcecode.c.h; path = BBBLEWSDiscoveryManager.h; sourceTree = "<group>"; };
		A45E8650212A144A00BA2E85 /* BBBLEHRMDevice.h */ = {isa = PBXFileReference; fileEncoding = 4; lastKnownFileType = sourcecode.c.h; path = BBBLEHRMDevice.h; sourceTree = "<group>"; };
		A45E8651212A144A00BA2E85 /* BBBLE.h */ = {isa = PBXFileReference; fileEncoding = 4; lastKnownFileType = sourcecode.c.h; path = BBBLE.h; sourceTree = "<group>"; };
		A45E8652212A144A00BA2E85 /* BBBLEDiscoveryData.h */ = {isa = PBXFileReference; fileEncoding = 4; lastKnownFileType = sourcecode.c.h; path = BBBLEDiscoveryData.h; sourceTree = "<group>"; };
		A45E8654212A14FE00BA2E85 /* HeartChart.swift */ = {isa = PBXFileReference; lastKnownFileType = sourcecode.swift; path = HeartChart.swift; sourceTree = "<group>"; };
		A4A79D11212A16E300DB5DFD /* HeartChart_iOS-Bridging-Header.h */ = {isa = PBXFileReference; lastKnownFileType = sourcecode.c.h; path = "HeartChart_iOS-Bridging-Header.h"; sourceTree = "<group>"; };
		A4E3A6E6211F804B00E5DE65 /* HeartChart-iOS.app */ = {isa = PBXFileReference; explicitFileType = wrapper.application; includeInIndex = 0; path = "HeartChart-iOS.app"; sourceTree = BUILT_PRODUCTS_DIR; };
		A4E3A6E9211F804B00E5DE65 /* AppDelegate.swift */ = {isa = PBXFileReference; lastKnownFileType = sourcecode.swift; path = AppDelegate.swift; sourceTree = "<group>"; };
		A4E3A6EE211F804B00E5DE65 /* Base */ = {isa = PBXFileReference; lastKnownFileType = file.storyboard; name = Base; path = Base.lproj/Main.storyboard; sourceTree = "<group>"; };
		A4E3A6F0211F804C00E5DE65 /* Assets.xcassets */ = {isa = PBXFileReference; lastKnownFileType = folder.assetcatalog; path = Assets.xcassets; sourceTree = "<group>"; };
		A4E3A6F3211F804C00E5DE65 /* Base */ = {isa = PBXFileReference; lastKnownFileType = file.storyboard; name = Base; path = Base.lproj/LaunchScreen.storyboard; sourceTree = "<group>"; };
		A4E3A6F5211F804C00E5DE65 /* Info.plist */ = {isa = PBXFileReference; lastKnownFileType = text.plist.xml; path = Info.plist; sourceTree = "<group>"; };
		A4E3A6FA211F804C00E5DE65 /* HeartChart-iOSTests.xctest */ = {isa = PBXFileReference; explicitFileType = wrapper.cfbundle; includeInIndex = 0; path = "HeartChart-iOSTests.xctest"; sourceTree = BUILT_PRODUCTS_DIR; };
		A4E3A6FE211F804C00E5DE65 /* HeartChart_iOSTests.swift */ = {isa = PBXFileReference; lastKnownFileType = sourcecode.swift; path = HeartChart_iOSTests.swift; sourceTree = "<group>"; };
		A4E3A700211F804C00E5DE65 /* Info.plist */ = {isa = PBXFileReference; lastKnownFileType = text.plist.xml; path = Info.plist; sourceTree = "<group>"; };
		A4E3A705211F804C00E5DE65 /* HeartChart-iOSUITests.xctest */ = {isa = PBXFileReference; explicitFileType = wrapper.cfbundle; includeInIndex = 0; path = "HeartChart-iOSUITests.xctest"; sourceTree = BUILT_PRODUCTS_DIR; };
		A4E3A709211F804C00E5DE65 /* HeartChart_iOSUITests.swift */ = {isa = PBXFileReference; lastKnownFileType = sourcecode.swift; path = HeartChart_iOSUITests.swift; sourceTree = "<group>"; };
		A4E3A70B211F804C00E5DE65 /* Info.plist */ = {isa = PBXFileReference; lastKnownFileType = text.plist.xml; path = Info.plist; sourceTree = "<group>"; };
		D0A5AD84DECC91629258B354 /* Pods-HeartChart-iOS.release.xcconfig */ = {isa = PBXFileReference; includeInIndex = 1; lastKnownFileType = text.xcconfig; name = "Pods-HeartChart-iOS.release.xcconfig"; path = "Pods/Target Support Files/Pods-HeartChart-iOS/Pods-HeartChart-iOS.release.xcconfig"; sourceTree = "<group>"; };
/* End PBXFileReference section */

/* Begin PBXFrameworksBuildPhase section */
		A4E3A6E3211F804B00E5DE65 /* Frameworks */ = {
			isa = PBXFrameworksBuildPhase;
			buildActionMask = 2147483647;
			files = (
				E2BA2DE983ACD13396489783 /* Pods_HeartChart_iOS.framework in Frameworks */,
				A45E8653212A144A00BA2E85 /* libBeetsBLU.a in Frameworks */,
			);
			runOnlyForDeploymentPostprocessing = 0;
		};
		A4E3A6F7211F804C00E5DE65 /* Frameworks */ = {
			isa = PBXFrameworksBuildPhase;
			buildActionMask = 2147483647;
			files = (
			);
			runOnlyForDeploymentPostprocessing = 0;
		};
		A4E3A702211F804C00E5DE65 /* Frameworks */ = {
			isa = PBXFrameworksBuildPhase;
			buildActionMask = 2147483647;
			files = (
			);
			runOnlyForDeploymentPostprocessing = 0;
		};
/* End PBXFrameworksBuildPhase section */

/* Begin PBXGroup section */
		A45DF8BA211FA5DE008F0D3C /* Misc */ = {
			isa = PBXGroup;
			children = (
				A45E8646212A144A00BA2E85 /* BBBLE */,
				A45DF8BE211FA6CE008F0D3C /* Constants.swift */,
				A428FF81211FC99D00F54C31 /* PersistentStore.swift */,
				A4A79D11212A16E300DB5DFD /* HeartChart_iOS-Bridging-Header.h */,
			);
			path = Misc;
			sourceTree = "<group>";
		};
		A45DF8BB211FA5EB008F0D3C /* Models */ = {
			isa = PBXGroup;
			children = (
			);
			path = Models;
			sourceTree = "<group>";
		};
		A45DF8BC211FA5F4008F0D3C /* ViewControllers */ = {
			isa = PBXGroup;
			children = (
				A45DF8C0211FA9B8008F0D3C /* MainViewController.swift */,
			);
			name = ViewControllers;
			path = "HeartChart-iOS/ViewControllers";
			sourceTree = SOURCE_ROOT;
		};
		A45DF8BD211FA629008F0D3C /* Views */ = {
			isa = PBXGroup;
			children = (
				A45E8654212A14FE00BA2E85 /* HeartChart.swift */,
				A4E3A6F2211F804C00E5DE65 /* LaunchScreen.storyboard */,
				A4E3A6ED211F804B00E5DE65 /* Main.storyboard */,
			);
			name = Views;
			path = "HeartChart-iOS/Views";
			sourceTree = SOURCE_ROOT;
		};
		A45E8646212A144A00BA2E85 /* BBBLE */ = {
			isa = PBXGroup;
			children = (
				A45E8647212A144A00BA2E85 /* BBBLEDiscoveryManager.h */,
				A45E8648212A144A00BA2E85 /* BBBLEWSSimpleCollector.h */,
				A45E8649212A144A00BA2E85 /* BBBLEHRMDiscoveryManager.h */,
				A45E864A212A144A00BA2E85 /* BBBLEBSCDiscoveryManager.h */,
				A45E864B212A144A00BA2E85 /* BBBLEWSDevice.h */,
				A45E864C212A144A00BA2E85 /* BBBLEBSCDevice.h */,
				A45E864D212A144A00BA2E85 /* libBeetsBLU.a */,
				A45E864E212A144A00BA2E85 /* BBBLEDevice.h */,
				A45E864F212A144A00BA2E85 /* BBBLEWSDiscoveryManager.h */,
				A45E8650212A144A00BA2E85 /* BBBLEHRMDevice.h */,
				A45E8651212A144A00BA2E85 /* BBBLE.h */,
				A45E8652212A144A00BA2E85 /* BBBLEDiscoveryData.h */,
			);
			path = BBBLE;
			sourceTree = "<group>";
		};
		A4E3A6DD211F804B00E5DE65 = {
			isa = PBXGroup;
			children = (
				A4E3A6E8211F804B00E5DE65 /* HeartChart-iOS */,
				A4E3A6FD211F804C00E5DE65 /* HeartChart-iOSTests */,
				A4E3A708211F804C00E5DE65 /* HeartChart-iOSUITests */,
				A4E3A6E7211F804B00E5DE65 /* Products */,
				ACD997EBEF5FED36B4AAA708 /* Pods */,
				D7EFC02A74CEC073716454B7 /* Frameworks */,
			);
			sourceTree = "<group>";
		};
		A4E3A6E7211F804B00E5DE65 /* Products */ = {
			isa = PBXGroup;
			children = (
				A4E3A6E6211F804B00E5DE65 /* HeartChart-iOS.app */,
				A4E3A6FA211F804C00E5DE65 /* HeartChart-iOSTests.xctest */,
				A4E3A705211F804C00E5DE65 /* HeartChart-iOSUITests.xctest */,
			);
			name = Products;
			sourceTree = "<group>";
		};
		A4E3A6E8211F804B00E5DE65 /* HeartChart-iOS */ = {
			isa = PBXGroup;
			children = (
				A45DF8BA211FA5DE008F0D3C /* Misc */,
				A45DF8BB211FA5EB008F0D3C /* Models */,
				A45DF8BC211FA5F4008F0D3C /* ViewControllers */,
				A45DF8BD211FA629008F0D3C /* Views */,
				A4E3A6E9211F804B00E5DE65 /* AppDelegate.swift */,
				A4E3A6F0211F804C00E5DE65 /* Assets.xcassets */,
				A4E3A6F5211F804C00E5DE65 /* Info.plist */,
			);
			path = "HeartChart-iOS";
			sourceTree = "<group>";
		};
		A4E3A6FD211F804C00E5DE65 /* HeartChart-iOSTests */ = {
			isa = PBXGroup;
			children = (
				A4E3A6FE211F804C00E5DE65 /* HeartChart_iOSTests.swift */,
				A4E3A700211F804C00E5DE65 /* Info.plist */,
			);
			path = "HeartChart-iOSTests";
			sourceTree = "<group>";
		};
		A4E3A708211F804C00E5DE65 /* HeartChart-iOSUITests */ = {
			isa = PBXGroup;
			children = (
				A4E3A709211F804C00E5DE65 /* HeartChart_iOSUITests.swift */,
				A4E3A70B211F804C00E5DE65 /* Info.plist */,
			);
			path = "HeartChart-iOSUITests";
			sourceTree = "<group>";
		};
		ACD997EBEF5FED36B4AAA708 /* Pods */ = {
			isa = PBXGroup;
			children = (
				5127029A894C858C575EFEFD /* Pods-HeartChart-iOS.debug.xcconfig */,
				D0A5AD84DECC91629258B354 /* Pods-HeartChart-iOS.release.xcconfig */,
			);
			name = Pods;
			sourceTree = "<group>";
		};
		D7EFC02A74CEC073716454B7 /* Frameworks */ = {
			isa = PBXGroup;
			children = (
				18C6794F8AAAAAD875F20157 /* Pods_HeartChart_iOS.framework */,
			);
			name = Frameworks;
			sourceTree = "<group>";
		};
/* End PBXGroup section */

/* Begin PBXNativeTarget section */
		A4E3A6E5211F804B00E5DE65 /* HeartChart-iOS */ = {
			isa = PBXNativeTarget;
			buildConfigurationList = A4E3A70E211F804D00E5DE65 /* Build configuration list for PBXNativeTarget "HeartChart-iOS" */;
			buildPhases = (
				9F4A7D3FB9B4F1950AE814B0 /* [CP] Check Pods Manifest.lock */,
				A4E3A6E2211F804B00E5DE65 /* Sources */,
				A4E3A6E3211F804B00E5DE65 /* Frameworks */,
				A4E3A6E4211F804B00E5DE65 /* Resources */,
				64D316BF63860DF8936F39ED /* [CP] Embed Pods Frameworks */,
				513515E8D4037D9F50E4221B /* [CP] Copy Pods Resources */,
			);
			buildRules = (
			);
			dependencies = (
			);
			name = "HeartChart-iOS";
			productName = "HeartChart-iOS";
			productReference = A4E3A6E6211F804B00E5DE65 /* HeartChart-iOS.app */;
			productType = "com.apple.product-type.application";
		};
		A4E3A6F9211F804C00E5DE65 /* HeartChart-iOSTests */ = {
			isa = PBXNativeTarget;
			buildConfigurationList = A4E3A711211F804D00E5DE65 /* Build configuration list for PBXNativeTarget "HeartChart-iOSTests" */;
			buildPhases = (
				A4E3A6F6211F804C00E5DE65 /* Sources */,
				A4E3A6F7211F804C00E5DE65 /* Frameworks */,
				A4E3A6F8211F804C00E5DE65 /* Resources */,
			);
			buildRules = (
			);
			dependencies = (
				A4E3A6FC211F804C00E5DE65 /* PBXTargetDependency */,
			);
			name = "HeartChart-iOSTests";
			productName = "HeartChart-iOSTests";
			productReference = A4E3A6FA211F804C00E5DE65 /* HeartChart-iOSTests.xctest */;
			productType = "com.apple.product-type.bundle.unit-test";
		};
		A4E3A704211F804C00E5DE65 /* HeartChart-iOSUITests */ = {
			isa = PBXNativeTarget;
			buildConfigurationList = A4E3A714211F804D00E5DE65 /* Build configuration list for PBXNativeTarget "HeartChart-iOSUITests" */;
			buildPhases = (
				A4E3A701211F804C00E5DE65 /* Sources */,
				A4E3A702211F804C00E5DE65 /* Frameworks */,
				A4E3A703211F804C00E5DE65 /* Resources */,
			);
			buildRules = (
			);
			dependencies = (
				A4E3A707211F804C00E5DE65 /* PBXTargetDependency */,
			);
			name = "HeartChart-iOSUITests";
			productName = "HeartChart-iOSUITests";
			productReference = A4E3A705211F804C00E5DE65 /* HeartChart-iOSUITests.xctest */;
			productType = "com.apple.product-type.bundle.ui-testing";
		};
/* End PBXNativeTarget section */

/* Begin PBXProject section */
		A4E3A6DE211F804B00E5DE65 /* Project object */ = {
			isa = PBXProject;
			attributes = {
				LastSwiftUpdateCheck = 0940;
				LastUpgradeCheck = 0940;
				ORGANIZATIONNAME = "Larry Bulen";
				TargetAttributes = {
					A4E3A6E5211F804B00E5DE65 = {
						CreatedOnToolsVersion = 9.4.1;
						SystemCapabilities = {
							com.apple.BackgroundModes = {
								enabled = 1;
							};
						};
					};
					A4E3A6F9211F804C00E5DE65 = {
						CreatedOnToolsVersion = 9.4.1;
						TestTargetID = A4E3A6E5211F804B00E5DE65;
					};
					A4E3A704211F804C00E5DE65 = {
						CreatedOnToolsVersion = 9.4.1;
						TestTargetID = A4E3A6E5211F804B00E5DE65;
					};
				};
			};
			buildConfigurationList = A4E3A6E1211F804B00E5DE65 /* Build configuration list for PBXProject "HeartChart-iOS" */;
			compatibilityVersion = "Xcode 9.3";
			developmentRegion = en;
			hasScannedForEncodings = 0;
			knownRegions = (
				en,
				Base,
			);
			mainGroup = A4E3A6DD211F804B00E5DE65;
			productRefGroup = A4E3A6E7211F804B00E5DE65 /* Products */;
			projectDirPath = "";
			projectRoot = "";
			targets = (
				A4E3A6E5211F804B00E5DE65 /* HeartChart-iOS */,
				A4E3A6F9211F804C00E5DE65 /* HeartChart-iOSTests */,
				A4E3A704211F804C00E5DE65 /* HeartChart-iOSUITests */,
			);
		};
/* End PBXProject section */

/* Begin PBXResourcesBuildPhase section */
		A4E3A6E4211F804B00E5DE65 /* Resources */ = {
			isa = PBXResourcesBuildPhase;
			buildActionMask = 2147483647;
			files = (
				A4E3A6F4211F804C00E5DE65 /* LaunchScreen.storyboard in Resources */,
				A4E3A6F1211F804C00E5DE65 /* Assets.xcassets in Resources */,
				A4E3A6EF211F804B00E5DE65 /* Main.storyboard in Resources */,
			);
			runOnlyForDeploymentPostprocessing = 0;
		};
		A4E3A6F8211F804C00E5DE65 /* Resources */ = {
			isa = PBXResourcesBuildPhase;
			buildActionMask = 2147483647;
			files = (
			);
			runOnlyForDeploymentPostprocessing = 0;
		};
		A4E3A703211F804C00E5DE65 /* Resources */ = {
			isa = PBXResourcesBuildPhase;
			buildActionMask = 2147483647;
			files = (
			);
			runOnlyForDeploymentPostprocessing = 0;
		};
/* End PBXResourcesBuildPhase section */

/* Begin PBXShellScriptBuildPhase section */
		513515E8D4037D9F50E4221B /* [CP] Copy Pods Resources */ = {
			isa = PBXShellScriptBuildPhase;
			buildActionMask = 2147483647;
			files = (
			);
			inputPaths = (
				"${SRCROOT}/Pods/Target Support Files/Pods-HeartChart-iOS/Pods-HeartChart-iOS-resources.sh",
				"${PODS_ROOT}/GoogleSignIn/Resources/GoogleSignIn.bundle",
			);
			name = "[CP] Copy Pods Resources";
			outputPaths = (
				"${TARGET_BUILD_DIR}/${UNLOCALIZED_RESOURCES_FOLDER_PATH}/GoogleSignIn.bundle",
			);
			runOnlyForDeploymentPostprocessing = 0;
			shellPath = /bin/sh;
			shellScript = "\"${SRCROOT}/Pods/Target Support Files/Pods-HeartChart-iOS/Pods-HeartChart-iOS-resources.sh\"\n";
			showEnvVarsInLog = 0;
		};
		64D316BF63860DF8936F39ED /* [CP] Embed Pods Frameworks */ = {
			isa = PBXShellScriptBuildPhase;
			buildActionMask = 2147483647;
			files = (
			);
			inputPaths = (
				"${SRCROOT}/Pods/Target Support Files/Pods-HeartChart-iOS/Pods-HeartChart-iOS-frameworks.sh",
				"${BUILT_PRODUCTS_DIR}/Bolts/Bolts.framework",
				"${BUILT_PRODUCTS_DIR}/Charts/Charts.framework",
				"${BUILT_PRODUCTS_DIR}/FBSDKCoreKit/FBSDKCoreKit.framework",
				"${BUILT_PRODUCTS_DIR}/FBSDKLoginKit/FBSDKLoginKit.framework",
				"${BUILT_PRODUCTS_DIR}/GTMOAuth2/GTMOAuth2.framework",
				"${BUILT_PRODUCTS_DIR}/GTMSessionFetcher/GTMSessionFetcher.framework",
				"${BUILT_PRODUCTS_DIR}/GoogleToolboxForMac/GoogleToolboxForMac.framework",
			);
			name = "[CP] Embed Pods Frameworks";
			outputPaths = (
				"${TARGET_BUILD_DIR}/${FRAMEWORKS_FOLDER_PATH}/Bolts.framework",
				"${TARGET_BUILD_DIR}/${FRAMEWORKS_FOLDER_PATH}/Charts.framework",
				"${TARGET_BUILD_DIR}/${FRAMEWORKS_FOLDER_PATH}/FBSDKCoreKit.framework",
				"${TARGET_BUILD_DIR}/${FRAMEWORKS_FOLDER_PATH}/FBSDKLoginKit.framework",
				"${TARGET_BUILD_DIR}/${FRAMEWORKS_FOLDER_PATH}/GTMOAuth2.framework",
				"${TARGET_BUILD_DIR}/${FRAMEWORKS_FOLDER_PATH}/GTMSessionFetcher.framework",
				"${TARGET_BUILD_DIR}/${FRAMEWORKS_FOLDER_PATH}/GoogleToolboxForMac.framework",
			);
			runOnlyForDeploymentPostprocessing = 0;
			shellPath = /bin/sh;
			shellScript = "\"${SRCROOT}/Pods/Target Support Files/Pods-HeartChart-iOS/Pods-HeartChart-iOS-frameworks.sh\"\n";
			showEnvVarsInLog = 0;
		};
		9F4A7D3FB9B4F1950AE814B0 /* [CP] Check Pods Manifest.lock */ = {
			isa = PBXShellScriptBuildPhase;
			buildActionMask = 2147483647;
			files = (
			);
			inputPaths = (
				"${PODS_PODFILE_DIR_PATH}/Podfile.lock",
				"${PODS_ROOT}/Manifest.lock",
			);
			name = "[CP] Check Pods Manifest.lock";
			outputPaths = (
				"$(DERIVED_FILE_DIR)/Pods-HeartChart-iOS-checkManifestLockResult.txt",
			);
			runOnlyForDeploymentPostprocessing = 0;
			shellPath = /bin/sh;
			shellScript = "diff \"${PODS_PODFILE_DIR_PATH}/Podfile.lock\" \"${PODS_ROOT}/Manifest.lock\" > /dev/null\nif [ $? != 0 ] ; then\n    # print error to STDERR\n    echo \"error: The sandbox is not in sync with the Podfile.lock. Run 'pod install' or update your CocoaPods installation.\" >&2\n    exit 1\nfi\n# This output is used by Xcode 'outputs' to avoid re-running this script phase.\necho \"SUCCESS\" > \"${SCRIPT_OUTPUT_FILE_0}\"\n";
			showEnvVarsInLog = 0;
		};
/* End PBXShellScriptBuildPhase section */

/* Begin PBXSourcesBuildPhase section */
		A4E3A6E2211F804B00E5DE65 /* Sources */ = {
			isa = PBXSourcesBuildPhase;
			buildActionMask = 2147483647;
			files = (
				A45E8655212A14FE00BA2E85 /* HeartChart.swift in Sources */,
				A45DF8C1211FA9B8008F0D3C /* MainViewController.swift in Sources */,
				A4E3A6EA211F804B00E5DE65 /* AppDelegate.swift in Sources */,
				A428FF82211FC99D00F54C31 /* PersistentStore.swift in Sources */,
				A45DF8BF211FA6CE008F0D3C /* Constants.swift in Sources */,
			);
			runOnlyForDeploymentPostprocessing = 0;
		};
		A4E3A6F6211F804C00E5DE65 /* Sources */ = {
			isa = PBXSourcesBuildPhase;
			buildActionMask = 2147483647;
			files = (
				A4E3A6FF211F804C00E5DE65 /* HeartChart_iOSTests.swift in Sources */,
			);
			runOnlyForDeploymentPostprocessing = 0;
		};
		A4E3A701211F804C00E5DE65 /* Sources */ = {
			isa = PBXSourcesBuildPhase;
			buildActionMask = 2147483647;
			files = (
				A4E3A70A211F804C00E5DE65 /* HeartChart_iOSUITests.swift in Sources */,
			);
			runOnlyForDeploymentPostprocessing = 0;
		};
/* End PBXSourcesBuildPhase section */

/* Begin PBXTargetDependency section */
		A4E3A6FC211F804C00E5DE65 /* PBXTargetDependency */ = {
			isa = PBXTargetDependency;
			target = A4E3A6E5211F804B00E5DE65 /* HeartChart-iOS */;
			targetProxy = A4E3A6FB211F804C00E5DE65 /* PBXContainerItemProxy */;
		};
		A4E3A707211F804C00E5DE65 /* PBXTargetDependency */ = {
			isa = PBXTargetDependency;
			target = A4E3A6E5211F804B00E5DE65 /* HeartChart-iOS */;
			targetProxy = A4E3A706211F804C00E5DE65 /* PBXContainerItemProxy */;
		};
/* End PBXTargetDependency section */

/* Begin PBXVariantGroup section */
		A4E3A6ED211F804B00E5DE65 /* Main.storyboard */ = {
			isa = PBXVariantGroup;
			children = (
				A4E3A6EE211F804B00E5DE65 /* Base */,
			);
			name = Main.storyboard;
			sourceTree = "<group>";
		};
		A4E3A6F2211F804C00E5DE65 /* LaunchScreen.storyboard */ = {
			isa = PBXVariantGroup;
			children = (
				A4E3A6F3211F804C00E5DE65 /* Base */,
			);
			name = LaunchScreen.storyboard;
			sourceTree = "<group>";
		};
/* End PBXVariantGroup section */

/* Begin XCBuildConfiguration section */
		A4E3A70C211F804C00E5DE65 /* Debug */ = {
			isa = XCBuildConfiguration;
			buildSettings = {
				ALWAYS_SEARCH_USER_PATHS = NO;
				CLANG_ANALYZER_NONNULL = YES;
				CLANG_ANALYZER_NUMBER_OBJECT_CONVERSION = YES_AGGRESSIVE;
				CLANG_CXX_LANGUAGE_STANDARD = "gnu++14";
				CLANG_CXX_LIBRARY = "libc++";
				CLANG_ENABLE_MODULES = YES;
				CLANG_ENABLE_OBJC_ARC = YES;
				CLANG_ENABLE_OBJC_WEAK = YES;
				CLANG_WARN_BLOCK_CAPTURE_AUTORELEASING = YES;
				CLANG_WARN_BOOL_CONVERSION = YES;
				CLANG_WARN_COMMA = YES;
				CLANG_WARN_CONSTANT_CONVERSION = YES;
				CLANG_WARN_DEPRECATED_OBJC_IMPLEMENTATIONS = YES;
				CLANG_WARN_DIRECT_OBJC_ISA_USAGE = YES_ERROR;
				CLANG_WARN_DOCUMENTATION_COMMENTS = YES;
				CLANG_WARN_EMPTY_BODY = YES;
				CLANG_WARN_ENUM_CONVERSION = YES;
				CLANG_WARN_INFINITE_RECURSION = YES;
				CLANG_WARN_INT_CONVERSION = YES;
				CLANG_WARN_NON_LITERAL_NULL_CONVERSION = YES;
				CLANG_WARN_OBJC_IMPLICIT_RETAIN_SELF = YES;
				CLANG_WARN_OBJC_LITERAL_CONVERSION = YES;
				CLANG_WARN_OBJC_ROOT_CLASS = YES_ERROR;
				CLANG_WARN_RANGE_LOOP_ANALYSIS = YES;
				CLANG_WARN_STRICT_PROTOTYPES = YES;
				CLANG_WARN_SUSPICIOUS_MOVE = YES;
				CLANG_WARN_UNGUARDED_AVAILABILITY = YES_AGGRESSIVE;
				CLANG_WARN_UNREACHABLE_CODE = YES;
				CLANG_WARN__DUPLICATE_METHOD_MATCH = YES;
				CODE_SIGN_IDENTITY = "iPhone Developer";
				COPY_PHASE_STRIP = NO;
				DEBUG_INFORMATION_FORMAT = dwarf;
				ENABLE_STRICT_OBJC_MSGSEND = YES;
				ENABLE_TESTABILITY = YES;
				GCC_C_LANGUAGE_STANDARD = gnu11;
				GCC_DYNAMIC_NO_PIC = NO;
				GCC_NO_COMMON_BLOCKS = YES;
				GCC_OPTIMIZATION_LEVEL = 0;
				GCC_PREPROCESSOR_DEFINITIONS = (
					"DEBUG=1",
					"$(inherited)",
				);
				GCC_WARN_64_TO_32_BIT_CONVERSION = YES;
				GCC_WARN_ABOUT_RETURN_TYPE = YES_ERROR;
				GCC_WARN_UNDECLARED_SELECTOR = YES;
				GCC_WARN_UNINITIALIZED_AUTOS = YES_AGGRESSIVE;
				GCC_WARN_UNUSED_FUNCTION = YES;
				GCC_WARN_UNUSED_VARIABLE = YES;
				IPHONEOS_DEPLOYMENT_TARGET = 11.4;
				MTL_ENABLE_DEBUG_INFO = YES;
				ONLY_ACTIVE_ARCH = YES;
				SDKROOT = iphoneos;
				SWIFT_ACTIVE_COMPILATION_CONDITIONS = DEBUG;
				SWIFT_OPTIMIZATION_LEVEL = "-Onone";
			};
			name = Debug;
		};
		A4E3A70D211F804C00E5DE65 /* Release */ = {
			isa = XCBuildConfiguration;
			buildSettings = {
				ALWAYS_SEARCH_USER_PATHS = NO;
				CLANG_ANALYZER_NONNULL = YES;
				CLANG_ANALYZER_NUMBER_OBJECT_CONVERSION = YES_AGGRESSIVE;
				CLANG_CXX_LANGUAGE_STANDARD = "gnu++14";
				CLANG_CXX_LIBRARY = "libc++";
				CLANG_ENABLE_MODULES = YES;
				CLANG_ENABLE_OBJC_ARC = YES;
				CLANG_ENABLE_OBJC_WEAK = YES;
				CLANG_WARN_BLOCK_CAPTURE_AUTORELEASING = YES;
				CLANG_WARN_BOOL_CONVERSION = YES;
				CLANG_WARN_COMMA = YES;
				CLANG_WARN_CONSTANT_CONVERSION = YES;
				CLANG_WARN_DEPRECATED_OBJC_IMPLEMENTATIONS = YES;
				CLANG_WARN_DIRECT_OBJC_ISA_USAGE = YES_ERROR;
				CLANG_WARN_DOCUMENTATION_COMMENTS = YES;
				CLANG_WARN_EMPTY_BODY = YES;
				CLANG_WARN_ENUM_CONVERSION = YES;
				CLANG_WARN_INFINITE_RECURSION = YES;
				CLANG_WARN_INT_CONVERSION = YES;
				CLANG_WARN_NON_LITERAL_NULL_CONVERSION = YES;
				CLANG_WARN_OBJC_IMPLICIT_RETAIN_SELF = YES;
				CLANG_WARN_OBJC_LITERAL_CONVERSION = YES;
				CLANG_WARN_OBJC_ROOT_CLASS = YES_ERROR;
				CLANG_WARN_RANGE_LOOP_ANALYSIS = YES;
				CLANG_WARN_STRICT_PROTOTYPES = YES;
				CLANG_WARN_SUSPICIOUS_MOVE = YES;
				CLANG_WARN_UNGUARDED_AVAILABILITY = YES_AGGRESSIVE;
				CLANG_WARN_UNREACHABLE_CODE = YES;
				CLANG_WARN__DUPLICATE_METHOD_MATCH = YES;
				CODE_SIGN_IDENTITY = "iPhone Developer";
				COPY_PHASE_STRIP = NO;
				DEBUG_INFORMATION_FORMAT = "dwarf-with-dsym";
				ENABLE_NS_ASSERTIONS = NO;
				ENABLE_STRICT_OBJC_MSGSEND = YES;
				GCC_C_LANGUAGE_STANDARD = gnu11;
				GCC_NO_COMMON_BLOCKS = YES;
				GCC_WARN_64_TO_32_BIT_CONVERSION = YES;
				GCC_WARN_ABOUT_RETURN_TYPE = YES_ERROR;
				GCC_WARN_UNDECLARED_SELECTOR = YES;
				GCC_WARN_UNINITIALIZED_AUTOS = YES_AGGRESSIVE;
				GCC_WARN_UNUSED_FUNCTION = YES;
				GCC_WARN_UNUSED_VARIABLE = YES;
				IPHONEOS_DEPLOYMENT_TARGET = 11.4;
				MTL_ENABLE_DEBUG_INFO = NO;
				SDKROOT = iphoneos;
				SWIFT_COMPILATION_MODE = wholemodule;
				SWIFT_OPTIMIZATION_LEVEL = "-O";
				VALIDATE_PRODUCT = YES;
			};
			name = Release;
		};
		A4E3A70F211F804D00E5DE65 /* Debug */ = {
			isa = XCBuildConfiguration;
			baseConfigurationReference = 5127029A894C858C575EFEFD /* Pods-HeartChart-iOS.debug.xcconfig */;
			buildSettings = {
				ASSETCATALOG_COMPILER_APPICON_NAME = AppIcon;
				CODE_SIGN_STYLE = Automatic;
				DEVELOPMENT_TEAM = 567JF9Y7U9;
				ENABLE_BITCODE = NO;
				INFOPLIST_FILE = "HeartChart-iOS/Info.plist";
				IPHONEOS_DEPLOYMENT_TARGET = 11.0;
				LD_RUNPATH_SEARCH_PATHS = (
					"$(inherited)",
					"@executable_path/Frameworks",
				);
				LIBRARY_SEARCH_PATHS = (
					"$(inherited)",
					"$(PROJECT_DIR)/HeartChart-iOS/Misc/BBBLE",
				);
				PRODUCT_BUNDLE_IDENTIFIER = "com.lbulenapps.HeartChart-iOS";
				PRODUCT_NAME = "$(TARGET_NAME)";
				SWIFT_OBJC_BRIDGING_HEADER = "./HeartChart-iOS/Misc/HeartChart_iOS-Bridging-Header.h";
				SWIFT_VERSION = 4.0;
				TARGETED_DEVICE_FAMILY = "1,2";
			};
			name = Debug;
		};
		A4E3A710211F804D00E5DE65 /* Release */ = {
			isa = XCBuildConfiguration;
			baseConfigurationReference = D0A5AD84DECC91629258B354 /* Pods-HeartChart-iOS.release.xcconfig */;
			buildSettings = {
				ASSETCATALOG_COMPILER_APPICON_NAME = AppIcon;
				CODE_SIGN_STYLE = Automatic;
				DEVELOPMENT_TEAM = 567JF9Y7U9;
				ENABLE_BITCODE = NO;
				INFOPLIST_FILE = "HeartChart-iOS/Info.plist";
				IPHONEOS_DEPLOYMENT_TARGET = 11.0;
				LD_RUNPATH_SEARCH_PATHS = (
					"$(inherited)",
					"@executable_path/Frameworks",
				);
				LIBRARY_SEARCH_PATHS = (
					"$(inherited)",
					"$(PROJECT_DIR)/HeartChart-iOS/Misc/BBBLE",
				);
				PRODUCT_BUNDLE_IDENTIFIER = "com.lbulenapps.HeartChart-iOS";
				PRODUCT_NAME = "$(TARGET_NAME)";
				SWIFT_OBJC_BRIDGING_HEADER = "./HeartChart-iOS/Misc/HeartChart_iOS-Bridging-Header.h";
				SWIFT_VERSION = 4.0;
				TARGETED_DEVICE_FAMILY = "1,2";
			};
			name = Release;
		};
		A4E3A712211F804D00E5DE65 /* Debug */ = {
			isa = XCBuildConfiguration;
			buildSettings = {
				ALWAYS_EMBED_SWIFT_STANDARD_LIBRARIES = YES;
				BUNDLE_LOADER = "$(TEST_HOST)";
				CODE_SIGN_STYLE = Automatic;
				DEVELOPMENT_TEAM = E6VHT3V929;
				INFOPLIST_FILE = "HeartChart-iOSTests/Info.plist";
				LD_RUNPATH_SEARCH_PATHS = (
					"$(inherited)",
					"@executable_path/Frameworks",
					"@loader_path/Frameworks",
				);
				PRODUCT_BUNDLE_IDENTIFIER = "com.lbulenapps.HeartChart-iOSTests";
				PRODUCT_NAME = "$(TARGET_NAME)";
				SWIFT_VERSION = 4.0;
				TARGETED_DEVICE_FAMILY = "1,2";
				TEST_HOST = "$(BUILT_PRODUCTS_DIR)/HeartChart-iOS.app/HeartChart-iOS";
			};
			name = Debug;
		};
		A4E3A713211F804D00E5DE65 /* Release */ = {
			isa = XCBuildConfiguration;
			buildSettings = {
				ALWAYS_EMBED_SWIFT_STANDARD_LIBRARIES = YES;
				BUNDLE_LOADER = "$(TEST_HOST)";
				CODE_SIGN_STYLE = Automatic;
				DEVELOPMENT_TEAM = E6VHT3V929;
				INFOPLIST_FILE = "HeartChart-iOSTests/Info.plist";
				LD_RUNPATH_SEARCH_PATHS = (
					"$(inherited)",
					"@executable_path/Frameworks",
					"@loader_path/Frameworks",
				);
				PRODUCT_BUNDLE_IDENTIFIER = "com.lbulenapps.HeartChart-iOSTests";
				PRODUCT_NAME = "$(TARGET_NAME)";
				SWIFT_VERSION = 4.0;
				TARGETED_DEVICE_FAMILY = "1,2";
				TEST_HOST = "$(BUILT_PRODUCTS_DIR)/HeartChart-iOS.app/HeartChart-iOS";
			};
			name = Release;
		};
		A4E3A715211F804D00E5DE65 /* Debug */ = {
			isa = XCBuildConfiguration;
			buildSettings = {
				ALWAYS_EMBED_SWIFT_STANDARD_LIBRARIES = YES;
				CODE_SIGN_STYLE = Automatic;
				DEVELOPMENT_TEAM = E6VHT3V929;
				INFOPLIST_FILE = "HeartChart-iOSUITests/Info.plist";
				LD_RUNPATH_SEARCH_PATHS = (
					"$(inherited)",
					"@executable_path/Frameworks",
					"@loader_path/Frameworks",
				);
				PRODUCT_BUNDLE_IDENTIFIER = "com.lbulenapps.HeartChart-iOSUITests";
				PRODUCT_NAME = "$(TARGET_NAME)";
				SWIFT_VERSION = 4.0;
				TARGETED_DEVICE_FAMILY = "1,2";
				TEST_TARGET_NAME = "HeartChart-iOS";
			};
			name = Debug;
		};
		A4E3A716211F804D00E5DE65 /* Release */ = {
			isa = XCBuildConfiguration;
			buildSettings = {
				ALWAYS_EMBED_SWIFT_STANDARD_LIBRARIES = YES;
				CODE_SIGN_STYLE = Automatic;
				DEVELOPMENT_TEAM = E6VHT3V929;
				INFOPLIST_FILE = "HeartChart-iOSUITests/Info.plist";
				LD_RUNPATH_SEARCH_PATHS = (
					"$(inherited)",
					"@executable_path/Frameworks",
					"@loader_path/Frameworks",
				);
				PRODUCT_BUNDLE_IDENTIFIER = "com.lbulenapps.HeartChart-iOSUITests";
				PRODUCT_NAME = "$(TARGET_NAME)";
				SWIFT_VERSION = 4.0;
				TARGETED_DEVICE_FAMILY = "1,2";
				TEST_TARGET_NAME = "HeartChart-iOS";
			};
			name = Release;
		};
/* End XCBuildConfiguration section */

/* Begin XCConfigurationList section */
		A4E3A6E1211F804B00E5DE65 /* Build configuration list for PBXProject "HeartChart-iOS" */ = {
			isa = XCConfigurationList;
			buildConfigurations = (
				A4E3A70C211F804C00E5DE65 /* Debug */,
				A4E3A70D211F804C00E5DE65 /* Release */,
			);
			defaultConfigurationIsVisible = 0;
			defaultConfigurationName = Release;
		};
		A4E3A70E211F804D00E5DE65 /* Build configuration list for PBXNativeTarget "HeartChart-iOS" */ = {
			isa = XCConfigurationList;
			buildConfigurations = (
				A4E3A70F211F804D00E5DE65 /* Debug */,
				A4E3A710211F804D00E5DE65 /* Release */,
			);
			defaultConfigurationIsVisible = 0;
			defaultConfigurationName = Release;
		};
		A4E3A711211F804D00E5DE65 /* Build configuration list for PBXNativeTarget "HeartChart-iOSTests" */ = {
			isa = XCConfigurationList;
			buildConfigurations = (
				A4E3A712211F804D00E5DE65 /* Debug */,
				A4E3A713211F804D00E5DE65 /* Release */,
			);
			defaultConfigurationIsVisible = 0;
			defaultConfigurationName = Release;
		};
		A4E3A714211F804D00E5DE65 /* Build configuration list for PBXNativeTarget "HeartChart-iOSUITests" */ = {
			isa = XCConfigurationList;
			buildConfigurations = (
				A4E3A715211F804D00E5DE65 /* Debug */,
				A4E3A716211F804D00E5DE65 /* Release */,
			);
			defaultConfigurationIsVisible = 0;
			defaultConfigurationName = Release;
		};
/* End XCConfigurationList section */
	};
	rootObject = A4E3A6DE211F804B00E5DE65 /* Project object */;
}
