// !$*UTF8*$!
{
	archiveVersion = 1;
	classes = {
	};
	objectVersion = 110;
	objects = {

/* Begin PBXBuildFile section */
		BCD2034430101714004CBB08 /* PolarBleSdk in Frameworks */ = {isa = PBXBuildFile; productRef = BCD2034330101714004CBB08 /* PolarBleSdk */; };
/* End PBXBuildFile section */

/* Begin PBXContainerItemProxy section */
		BCD20328301015D4004CBB08 /* PBXContainerItemProxy */ = {
			isa = PBXContainerItemProxy;
			containerPortal = BCD20310301015D3004CBB08 /* Project object */;
			proxyType = 1;
			remoteGlobalIDString = BCD20317301015D3004CBB08;
			remoteInfo = HeartChart;
		};
		BCD20332301015D4004CBB08 /* PBXContainerItemProxy */ = {
			isa = PBXContainerItemProxy;
			containerPortal = BCD20310301015D3004CBB08 /* Project object */;
			proxyType = 1;
			remoteGlobalIDString = BCD20317301015D3004CBB08;
			remoteInfo = HeartChart;
		};
/* End PBXContainerItemProxy section */

/* Begin PBXFileReference section */
		BCD20318301015D3004CBB08 /* HeartChart.app */ = {isa = PBXFileReference; explicitFileType = wrapper.application; includeInIndex = 0; path = HeartChart.app; sourceTree = BUILT_PRODUCTS_DIR; };
		BCD20327301015D4004CBB08 /* HeartChartTests.xctest */ = {isa = PBXFileReference; explicitFileType = wrapper.cfbundle; includeInIndex = 0; path = HeartChartTests.xctest; sourceTree = BUILT_PRODUCTS_DIR; };
		BCD20331301015D4004CBB08 /* HeartChartUITests.xctest */ = {isa = PBXFileReference; explicitFileType = wrapper.cfbundle; includeInIndex = 0; path = HeartChartUITests.xctest; sourceTree = BUILT_PRODUCTS_DIR; };
/* End PBXFileReference section */

/* Begin PBXFileSystemSynchronizedRootGroup section */
		BCD2031A301015D3004CBB08 /* HeartChart */ = {
			isa = PBXFileSystemSynchronizedRootGroup;
			path = HeartChart;
			sourceTree = "<group>";
		};
		BCD2032A301015D4004CBB08 /* HeartChartTests */ = {
			isa = PBXFileSystemSynchronizedRootGroup;
			path = HeartChartTests;
			sourceTree = "<group>";
		};
		BCD20334301015D4004CBB08 /* HeartChartUITests */ = {
			isa = PBXFileSystemSynchronizedRootGroup;
			path = HeartChartUITests;
			sourceTree = "<group>";
		};
/* End PBXFileSystemSynchronizedRootGroup section */

/* Begin PBXFrameworksBuildPhase section */
		BCD20315301015D3004CBB08 /* Frameworks */ = {
			isa = PBXFrameworksBuildPhase;
			files = (
				BCD2034430101714004CBB08 /* PolarBleSdk in Frameworks */,
			);
		};
		BCD20324301015D4004CBB08 /* Frameworks */ = {
			isa = PBXFrameworksBuildPhase;
			files = (
			);
		};
		BCD2032E301015D4004CBB08 /* Frameworks */ = {
			isa = PBXFrameworksBuildPhase;
			files = (
			);
		};
/* End PBXFrameworksBuildPhase section */

/* Begin PBXGroup section */
		BCD2030F301015D3004CBB08 = {
			isa = PBXGroup;
			children = (
				BCD2031A301015D3004CBB08 /* HeartChart */,
				BCD2032A301015D4004CBB08 /* HeartChartTests */,
				BCD20334301015D4004CBB08 /* HeartChartUITests */,
				BCD20319301015D3004CBB08 /* Products */,
			);
			sourceTree = "<group>";
		};
		BCD20319301015D3004CBB08 /* Products */ = {
			isa = PBXGroup;
			children = (
				BCD20318301015D3004CBB08 /* HeartChart.app */,
				BCD20327301015D4004CBB08 /* HeartChartTests.xctest */,
				BCD20331301015D4004CBB08 /* HeartChartUITests.xctest */,
			);
			name = Products;
			sourceTree = "<group>";
		};
/* End PBXGroup section */

/* Begin PBXNativeTarget section */
		BCD20317301015D3004CBB08 /* HeartChart */ = {
			isa = PBXNativeTarget;
			buildConfigurationList = BCD20339301015D4004CBB08 /* Build configuration list for PBXNativeTarget "HeartChart" */;
			buildPhases = (
				BCD20314301015D3004CBB08 /* Sources */,
				BCD20315301015D3004CBB08 /* Frameworks */,
				BCD20316301015D3004CBB08 /* Resources */,
			);
			buildRules = (
			);
			fileSystemSynchronizedGroups = (
				BCD2031A301015D3004CBB08 /* HeartChart */,
			);
			name = HeartChart;
			packageProductDependencies = (
				BCD2034330101714004CBB08 /* PolarBleSdk */,
			);
			productName = HeartChart;
			productReference = BCD20318301015D3004CBB08 /* HeartChart.app */;
			productType = "com.apple.product-type.application";
		};
		BCD20326301015D4004CBB08 /* HeartChartTests */ = {
			isa = PBXNativeTarget;
			buildConfigurationList = BCD2033C301015D4004CBB08 /* Build configuration list for PBXNativeTarget "HeartChartTests" */;
			buildPhases = (
				BCD20323301015D4004CBB08 /* Sources */,
				BCD20324301015D4004CBB08 /* Frameworks */,
				BCD20325301015D4004CBB08 /* Resources */,
			);
			buildRules = (
			);
			dependencies = (
				BCD20329301015D4004CBB08 /* PBXTargetDependency */,
			);
			fileSystemSynchronizedGroups = (
				BCD2032A301015D4004CBB08 /* HeartChartTests */,
			);
			name = HeartChartTests;
			productName = HeartChartTests;
			productReference = BCD20327301015D4004CBB08 /* HeartChartTests.xctest */;
			productType = "com.apple.product-type.bundle.unit-test";
		};
		BCD20330301015D4004CBB08 /* HeartChartUITests */ = {
			isa = PBXNativeTarget;
			buildConfigurationList = BCD2033F301015D4004CBB08 /* Build configuration list for PBXNativeTarget "HeartChartUITests" */;
			buildPhases = (
				BCD2032D301015D4004CBB08 /* Sources */,
				BCD2032E301015D4004CBB08 /* Frameworks */,
				BCD2032F301015D4004CBB08 /* Resources */,
			);
			buildRules = (
			);
			dependencies = (
				BCD20333301015D4004CBB08 /* PBXTargetDependency */,
			);
			fileSystemSynchronizedGroups = (
				BCD20334301015D4004CBB08 /* HeartChartUITests */,
			);
			name = HeartChartUITests;
			productName = HeartChartUITests;
			productReference = BCD20331301015D4004CBB08 /* HeartChartUITests.xctest */;
			productType = "com.apple.product-type.bundle.ui-testing";
		};
/* End PBXNativeTarget section */

/* Begin PBXProject section */
		BCD20310301015D3004CBB08 /* Project object */ = {
			isa = PBXProject;
			attributes = {
				BuildIndependentTargetsInParallel = 1;
				LastSwiftUpdateCheck = 2700;
				LastUpgradeCheck = 2700;
				TargetAttributes = {
					BCD20317301015D3004CBB08 = {
						CreatedOnToolsVersion = 27.0;
					};
					BCD20326301015D4004CBB08 = {
						CreatedOnToolsVersion = 27.0;
						TestTargetID = BCD20317301015D3004CBB08;
					};
					BCD20330301015D4004CBB08 = {
						CreatedOnToolsVersion = 27.0;
						TestTargetID = BCD20317301015D3004CBB08;
					};
				};
			};
			buildConfigurationList = BCD20313301015D3004CBB08 /* Build configuration list for PBXProject "HeartChart" */;
			developmentRegion = en;
			hasScannedForEncodings = 0;
			knownRegions = (
				en,
				Base,
			);
			mainGroup = BCD2030F301015D3004CBB08;
			minimizedProjectReferenceProxies = 1;
			packageReferences = (
				BCD2034230101714004CBB08 /* XCRemoteSwiftPackageReference "polar-ble-sdk" */,
			);
			preferredProjectObjectVersion = 77;
			productRefGroup = BCD20319301015D3004CBB08 /* Products */;
			projectDirPath = "";
			projectRoot = "";
			targets = (
				BCD20317301015D3004CBB08 /* HeartChart */,
				BCD20326301015D4004CBB08 /* HeartChartTests */,
				BCD20330301015D4004CBB08 /* HeartChartUITests */,
			);
		};
/* End PBXProject section */

/* Begin PBXResourcesBuildPhase section */
		BCD20316301015D3004CBB08 /* Resources */ = {
			isa = PBXResourcesBuildPhase;
			files = (
			);
		};
		BCD20325301015D4004CBB08 /* Resources */ = {
			isa = PBXResourcesBuildPhase;
			files = (
			);
		};
		BCD2032F301015D4004CBB08 /* Resources */ = {
			isa = PBXResourcesBuildPhase;
			files = (
			);
		};
/* End PBXResourcesBuildPhase section */

/* Begin PBXSourcesBuildPhase section */
		BCD20314301015D3004CBB08 /* Sources */ = {
			isa = PBXSourcesBuildPhase;
			files = (
			);
		};
		BCD20323301015D4004CBB08 /* Sources */ = {
			isa = PBXSourcesBuildPhase;
			files = (
			);
		};
		BCD2032D301015D4004CBB08 /* Sources */ = {
			isa = PBXSourcesBuildPhase;
			files = (
			);
		};
/* End PBXSourcesBuildPhase section */

/* Begin PBXTargetDependency section */
		BCD20329301015D4004CBB08 /* PBXTargetDependency */ = {
			isa = PBXTargetDependency;
			target = BCD20317301015D3004CBB08 /* HeartChart */;
			targetProxy = BCD20328301015D4004CBB08 /* PBXContainerItemProxy */;
		};
		BCD20333301015D4004CBB08 /* PBXTargetDependency */ = {
			isa = PBXTargetDependency;
			target = BCD20317301015D3004CBB08 /* HeartChart */;
			targetProxy = BCD20332301015D4004CBB08 /* PBXContainerItemProxy */;
		};
/* End PBXTargetDependency section */

/* Begin XCBuildConfiguration section */
		BCD20337301015D4004CBB08 /* Debug configuration for PBXProject "HeartChart" */ = {
			isa = XCBuildConfiguration;
			buildSettings = {
				ALWAYS_SEARCH_USER_PATHS = NO;
				ASSETCATALOG_COMPILER_GENERATE_SWIFT_ASSET_SYMBOL_EXTENSIONS = YES;
				CLANG_ANALYZER_NONNULL = YES;
				CLANG_ANALYZER_NUMBER_OBJECT_CONVERSION = YES_AGGRESSIVE;
				CLANG_CXX_LANGUAGE_STANDARD = "gnu++20";
				CLANG_ENABLE_MODULES = YES;
				CLANG_ENABLE_OBJC_ARC = YES;
				CLANG_ENABLE_OBJC_WEAK = YES;
				CLANG_WARN_BLOCK_CAPTURE_AUTORELEASING = YES;
				CLANG_WARN_BOOL_CONVERSION = YES;
				CLANG_WARN_COMMA = YES;
				CLANG_WARN_CONSTANT_CONVERSION = YES;
				CLANG_WARN_DEPRECATED_OBJC_IMPLEMENTATIONS = YES;
				CLANG_WARN_DIRECT_OBJC_ISA_USAGE = YES_ERROR;
				CLANG_WARN_DOCUMENTATION_COMMENTS = YES;
				CLANG_WARN_EMPTY_BODY = YES;
				CLANG_WARN_ENUM_CONVERSION = YES;
				CLANG_WARN_INFINITE_RECURSION = YES;
				CLANG_WARN_INT_CONVERSION = YES;
				CLANG_WARN_NON_LITERAL_NULL_CONVERSION = YES;
				CLANG_WARN_OBJC_IMPLICIT_RETAIN_SELF = YES;
				CLANG_WARN_OBJC_LITERAL_CONVERSION = YES;
				CLANG_WARN_OBJC_ROOT_CLASS = YES_ERROR;
				CLANG_WARN_QUOTED_INCLUDE_IN_FRAMEWORK_HEADER = YES;
				CLANG_WARN_RANGE_LOOP_ANALYSIS = YES;
				CLANG_WARN_STRICT_PROTOTYPES = YES;
				CLANG_WARN_SUSPICIOUS_MOVE = YES;
				CLANG_WARN_UNGUARDED_AVAILABILITY = YES_AGGRESSIVE;
				CLANG_WARN_UNREACHABLE_CODE = YES;
				CLANG_WARN__DUPLICATE_METHOD_MATCH = YES;
				COPY_PHASE_STRIP = NO;
				DEBUG_INFORMATION_FORMAT = dwarf;
				DEVELOPMENT_TEAM = 3P9AZUG9KY;
				ENABLE_STRICT_OBJC_MSGSEND = YES;
				ENABLE_TESTABILITY = YES;
				ENABLE_USER_SCRIPT_SANDBOXING = YES;
				GCC_C_LANGUAGE_STANDARD = gnu17;
				GCC_DYNAMIC_NO_PIC = NO;
				GCC_NO_COMMON_BLOCKS = YES;
				GCC_OPTIMIZATION_LEVEL = 0;
				GCC_PREPROCESSOR_DEFINITIONS = (
					"DEBUG=1",
					"$(inherited)",
				);
				GCC_WARN_64_TO_32_BIT_CONVERSION = YES;
				GCC_WARN_ABOUT_RETURN_TYPE = YES_ERROR;
				GCC_WARN_UNDECLARED_SELECTOR = YES;
				GCC_WARN_UNINITIALIZED_AUTOS = YES_AGGRESSIVE;
				GCC_WARN_UNUSED_FUNCTION = YES;
				GCC_WARN_UNUSED_VARIABLE = YES;
				IPHONEOS_DEPLOYMENT_TARGET = 27.0;
				LOCALIZATION_PREFERS_STRING_CATALOGS = YES;
				MTL_ENABLE_DEBUG_INFO = INCLUDE_SOURCE;
				MTL_FAST_MATH = YES;
				ONLY_ACTIVE_ARCH = YES;
				SDKROOT = iphoneos;
				SWIFT_ACTIVE_COMPILATION_CONDITIONS = "DEBUG $(inherited)";
				SWIFT_OPTIMIZATION_LEVEL = "-Onone";
			};
			name = Debug;
		};
		BCD20338301015D4004CBB08 /* Release configuration for PBXProject "HeartChart" */ = {
			isa = XCBuildConfiguration;
			buildSettings = {
				ALWAYS_SEARCH_USER_PATHS = NO;
				ASSETCATALOG_COMPILER_GENERATE_SWIFT_ASSET_SYMBOL_EXTENSIONS = YES;
				CLANG_ANALYZER_NONNULL = YES;
				CLANG_ANALYZER_NUMBER_OBJECT_CONVERSION = YES_AGGRESSIVE;
				CLANG_CXX_LANGUAGE_STANDARD = "gnu++20";
				CLANG_ENABLE_MODULES = YES;
				CLANG_ENABLE_OBJC_ARC = YES;
				CLANG_ENABLE_OBJC_WEAK = YES;
				CLANG_WARN_BLOCK_CAPTURE_AUTORELEASING = YES;
				CLANG_WARN_BOOL_CONVERSION = YES;
				CLANG_WARN_COMMA = YES;
				CLANG_WARN_CONSTANT_CONVERSION = YES;
				CLANG_WARN_DEPRECATED_OBJC_IMPLEMENTATIONS = YES;
				CLANG_WARN_DIRECT_OBJC_ISA_USAGE = YES_ERROR;
				CLANG_WARN_DOCUMENTATION_COMMENTS = YES;
				CLANG_WARN_EMPTY_BODY = YES;
				CLANG_WARN_ENUM_CONVERSION = YES;
				CLANG_WARN_INFINITE_RECURSION = YES;
				CLANG_WARN_INT_CONVERSION = YES;
				CLANG_WARN_NON_LITERAL_NULL_CONVERSION = YES;
				CLANG_WARN_OBJC_IMPLICIT_RETAIN_SELF = YES;
				CLANG_WARN_OBJC_LITERAL_CONVERSION = YES;
				CLANG_WARN_OBJC_ROOT_CLASS = YES_ERROR;
				CLANG_WARN_QUOTED_INCLUDE_IN_FRAMEWORK_HEADER = YES;
				CLANG_WARN_RANGE_LOOP_ANALYSIS = YES;
				CLANG_WARN_STRICT_PROTOTYPES = YES;
				CLANG_WARN_SUSPICIOUS_MOVE = YES;
				CLANG_WARN_UNGUARDED_AVAILABILITY = YES_AGGRESSIVE;
				CLANG_WARN_UNREACHABLE_CODE = YES;
				CLANG_WARN__DUPLICATE_METHOD_MATCH = YES;
				COPY_PHASE_STRIP = NO;
				DEBUG_INFORMATION_FORMAT = "dwarf-with-dsym";
				DEVELOPMENT_TEAM = 3P9AZUG9KY;
				ENABLE_NS_ASSERTIONS = NO;
				ENABLE_STRICT_OBJC_MSGSEND = YES;
				ENABLE_USER_SCRIPT_SANDBOXING = YES;
				GCC_C_LANGUAGE_STANDARD = gnu17;
				GCC_NO_COMMON_BLOCKS = YES;
				GCC_WARN_64_TO_32_BIT_CONVERSION = YES;
				GCC_WARN_ABOUT_RETURN_TYPE = YES_ERROR;
				GCC_WARN_UNDECLARED_SELECTOR = YES;
				GCC_WARN_UNINITIALIZED_AUTOS = YES_AGGRESSIVE;
				GCC_WARN_UNUSED_FUNCTION = YES;
				GCC_WARN_UNUSED_VARIABLE = YES;
				IPHONEOS_DEPLOYMENT_TARGET = 27.0;
				LOCALIZATION_PREFERS_STRING_CATALOGS = YES;
				MTL_ENABLE_DEBUG_INFO = NO;
				MTL_FAST_MATH = YES;
				SDKROOT = iphoneos;
				SWIFT_COMPILATION_MODE = wholemodule;
				VALIDATE_PRODUCT = YES;
			};
			name = Release;
		};
		BCD2033A301015D4004CBB08 /* Debug configuration for PBXNativeTarget "HeartChart" */ = {
			isa = XCBuildConfiguration;
			buildSettings = {
				ASSETCATALOG_COMPILER_APPICON_NAME = AppIcon;
				ASSETCATALOG_COMPILER_GLOBAL_ACCENT_COLOR_NAME = AccentColor;
				CODE_SIGN_STYLE = Automatic;
				CURRENT_PROJECT_VERSION = 1;
				DEVELOPMENT_TEAM = 3P9AZUG9KY;
				ENABLE_PREVIEWS = YES;
				GENERATE_INFOPLIST_FILE = YES;
				INFOPLIST_KEY_NSBluetoothAlwaysUsageDescription = "HeartChart connects to your Polar H9 heart rate sensor over Bluetooth to chart your live heart rate.";
				INFOPLIST_KEY_UIApplicationSceneManifest_Generation = YES;
				INFOPLIST_KEY_UIApplicationSupportsIndirectInputEvents = YES;
				INFOPLIST_KEY_UILaunchScreen_Generation = YES;
				INFOPLIST_KEY_UISupportedInterfaceOrientations_iPad = "UIInterfaceOrientationPortrait UIInterfaceOrientationPortraitUpsideDown UIInterfaceOrientationLandscapeLeft UIInterfaceOrientationLandscapeRight";
				INFOPLIST_KEY_UISupportedInterfaceOrientations_iPhone = "UIInterfaceOrientationPortrait UIInterfaceOrientationLandscapeLeft UIInterfaceOrientationLandscapeRight";
				LD_RUNPATH_SEARCH_PATHS = (
					"$(inherited)",
					"@executable_path/Frameworks",
				);
				MARKETING_VERSION = 1.0;
				PRODUCT_BUNDLE_IDENTIFIER = com.curiousbeagle.HeartChart;
				PRODUCT_NAME = "$(TARGET_NAME)";
				STRING_CATALOG_GENERATE_SYMBOLS = YES;
				SWIFT_APPROACHABLE_CONCURRENCY = YES;
				SWIFT_DEFAULT_ACTOR_ISOLATION = MainActor;
				SWIFT_EMIT_LOC_STRINGS = YES;
				SWIFT_UPCOMING_FEATURE_MEMBER_IMPORT_VISIBILITY = YES;
				SWIFT_VERSION = 6.0;
				TARGETED_DEVICE_FAMILY = "1,2";
			};
			name = Debug;
		};
		BCD2033B301015D4004CBB08 /* Release configuration for PBXNativeTarget "HeartChart" */ = {
			isa = XCBuildConfiguration;
			buildSettings = {
				ASSETCATALOG_COMPILER_APPICON_NAME = AppIcon;
				ASSETCATALOG_COMPILER_GLOBAL_ACCENT_COLOR_NAME = AccentColor;
				CODE_SIGN_STYLE = Automatic;
				CURRENT_PROJECT_VERSION = 1;
				DEVELOPMENT_TEAM = 3P9AZUG9KY;
				ENABLE_PREVIEWS = YES;
				GENERATE_INFOPLIST_FILE = YES;
				INFOPLIST_KEY_NSBluetoothAlwaysUsageDescription = "HeartChart connects to your Polar H9 heart rate sensor over Bluetooth to chart your live heart rate.";
				INFOPLIST_KEY_UIApplicationSceneManifest_Generation = YES;
				INFOPLIST_KEY_UIApplicationSupportsIndirectInputEvents = YES;
				INFOPLIST_KEY_UILaunchScreen_Generation = YES;
				INFOPLIST_KEY_UISupportedInterfaceOrientations_iPad = "UIInterfaceOrientationPortrait UIInterfaceOrientationPortraitUpsideDown UIInterfaceOrientationLandscapeLeft UIInterfaceOrientationLandscapeRight";
				INFOPLIST_KEY_UISupportedInterfaceOrientations_iPhone = "UIInterfaceOrientationPortrait UIInterfaceOrientationLandscapeLeft UIInterfaceOrientationLandscapeRight";
				LD_RUNPATH_SEARCH_PATHS = (
					"$(inherited)",
					"@executable_path/Frameworks",
				);
				MARKETING_VERSION = 1.0;
				PRODUCT_BUNDLE_IDENTIFIER = com.curiousbeagle.HeartChart;
				PRODUCT_NAME = "$(TARGET_NAME)";
				STRING_CATALOG_GENERATE_SYMBOLS = YES;
				SWIFT_APPROACHABLE_CONCURRENCY = YES;
				SWIFT_DEFAULT_ACTOR_ISOLATION = MainActor;
				SWIFT_EMIT_LOC_STRINGS = YES;
				SWIFT_UPCOMING_FEATURE_MEMBER_IMPORT_VISIBILITY = YES;
				SWIFT_VERSION = 6.0;
				TARGETED_DEVICE_FAMILY = "1,2";
			};
			name = Release;
		};
		BCD2033D301015D4004CBB08 /* Debug configuration for PBXNativeTarget "HeartChartTests" */ = {
			isa = XCBuildConfiguration;
			buildSettings = {
				BUNDLE_LOADER = "$(TEST_HOST)";
				CODE_SIGN_STYLE = Automatic;
				CURRENT_PROJECT_VERSION = 1;
				DEVELOPMENT_TEAM = 3P9AZUG9KY;
				GENERATE_INFOPLIST_FILE = YES;
				IPHONEOS_DEPLOYMENT_TARGET = 27.0;
				MARKETING_VERSION = 1.0;
				PRODUCT_BUNDLE_IDENTIFIER = com.curiousbeagle.HeartChartTests;
				PRODUCT_NAME = "$(TARGET_NAME)";
				STRING_CATALOG_GENERATE_SYMBOLS = NO;
				SWIFT_APPROACHABLE_CONCURRENCY = YES;
				SWIFT_EMIT_LOC_STRINGS = NO;
				SWIFT_UPCOMING_FEATURE_MEMBER_IMPORT_VISIBILITY = YES;
				SWIFT_VERSION = 6.0;
				TARGETED_DEVICE_FAMILY = "1,2";
				TEST_HOST = "$(BUILT_PRODUCTS_DIR)/HeartChart.app/$(BUNDLE_EXECUTABLE_FOLDER_PATH)/HeartChart";
			};
			name = Debug;
		};
		BCD2033E301015D4004CBB08 /* Release configuration for PBXNativeTarget "HeartChartTests" */ = {
			isa = XCBuildConfiguration;
			buildSettings = {
				BUNDLE_LOADER = "$(TEST_HOST)";
				CODE_SIGN_STYLE = Automatic;
				CURRENT_PROJECT_VERSION = 1;
				DEVELOPMENT_TEAM = 3P9AZUG9KY;
				GENERATE_INFOPLIST_FILE = YES;
				IPHONEOS_DEPLOYMENT_TARGET = 27.0;
				MARKETING_VERSION = 1.0;
				PRODUCT_BUNDLE_IDENTIFIER = com.curiousbeagle.HeartChartTests;
				PRODUCT_NAME = "$(TARGET_NAME)";
				STRING_CATALOG_GENERATE_SYMBOLS = NO;
				SWIFT_APPROACHABLE_CONCURRENCY = YES;
				SWIFT_EMIT_LOC_STRINGS = NO;
				SWIFT_UPCOMING_FEATURE_MEMBER_IMPORT_VISIBILITY = YES;
				SWIFT_VERSION = 6.0;
				TARGETED_DEVICE_FAMILY = "1,2";
				TEST_HOST = "$(BUILT_PRODUCTS_DIR)/HeartChart.app/$(BUNDLE_EXECUTABLE_FOLDER_PATH)/HeartChart";
			};
			name = Release;
		};
		BCD20340301015D4004CBB08 /* Debug configuration for PBXNativeTarget "HeartChartUITests" */ = {
			isa = XCBuildConfiguration;
			buildSettings = {
				CODE_SIGN_STYLE = Automatic;
				CURRENT_PROJECT_VERSION = 1;
				DEVELOPMENT_TEAM = 3P9AZUG9KY;
				GENERATE_INFOPLIST_FILE = YES;
				MARKETING_VERSION = 1.0;
				PRODUCT_BUNDLE_IDENTIFIER = com.curiousbeagle.HeartChartUITests;
				PRODUCT_NAME = "$(TARGET_NAME)";
				STRING_CATALOG_GENERATE_SYMBOLS = NO;
				SWIFT_APPROACHABLE_CONCURRENCY = YES;
				SWIFT_EMIT_LOC_STRINGS = NO;
				SWIFT_UPCOMING_FEATURE_MEMBER_IMPORT_VISIBILITY = YES;
				SWIFT_VERSION = 6.0;
				TARGETED_DEVICE_FAMILY = "1,2";
				TEST_TARGET_NAME = HeartChart;
			};
			name = Debug;
		};
		BCD20341301015D4004CBB08 /* Release configuration for PBXNativeTarget "HeartChartUITests" */ = {
			isa = XCBuildConfiguration;
			buildSettings = {
				CODE_SIGN_STYLE = Automatic;
				CURRENT_PROJECT_VERSION = 1;
				DEVELOPMENT_TEAM = 3P9AZUG9KY;
				GENERATE_INFOPLIST_FILE = YES;
				MARKETING_VERSION = 1.0;
				PRODUCT_BUNDLE_IDENTIFIER = com.curiousbeagle.HeartChartUITests;
				PRODUCT_NAME = "$(TARGET_NAME)";
				STRING_CATALOG_GENERATE_SYMBOLS = NO;
				SWIFT_APPROACHABLE_CONCURRENCY = YES;
				SWIFT_EMIT_LOC_STRINGS = NO;
				SWIFT_UPCOMING_FEATURE_MEMBER_IMPORT_VISIBILITY = YES;
				SWIFT_VERSION = 6.0;
				TARGETED_DEVICE_FAMILY = "1,2";
				TEST_TARGET_NAME = HeartChart;
			};
			name = Release;
		};
/* End XCBuildConfiguration section */

/* Begin XCConfigurationList section */
		BCD20313301015D3004CBB08 /* Build configuration list for PBXProject "HeartChart" */ = {
			isa = XCConfigurationList;
			buildConfigurations = (
				BCD20337301015D4004CBB08 /* Debug configuration for PBXProject "HeartChart" */,
				BCD20338301015D4004CBB08 /* Release configuration for PBXProject "HeartChart" */,
			);
			defaultConfigurationName = Release;
		};
		BCD20339301015D4004CBB08 /* Build configuration list for PBXNativeTarget "HeartChart" */ = {
			isa = XCConfigurationList;
			buildConfigurations = (
				BCD2033A301015D4004CBB08 /* Debug configuration for PBXNativeTarget "HeartChart" */,
				BCD2033B301015D4004CBB08 /* Release configuration for PBXNativeTarget "HeartChart" */,
			);
			defaultConfigurationName = Release;
		};
		BCD2033C301015D4004CBB08 /* Build configuration list for PBXNativeTarget "HeartChartTests" */ = {
			isa = XCConfigurationList;
			buildConfigurations = (
				BCD2033D301015D4004CBB08 /* Debug configuration for PBXNativeTarget "HeartChartTests" */,
				BCD2033E301015D4004CBB08 /* Release configuration for PBXNativeTarget "HeartChartTests" */,
			);
			defaultConfigurationName = Release;
		};
		BCD2033F301015D4004CBB08 /* Build configuration list for PBXNativeTarget "HeartChartUITests" */ = {
			isa = XCConfigurationList;
			buildConfigurations = (
				BCD20340301015D4004CBB08 /* Debug configuration for PBXNativeTarget "HeartChartUITests" */,
				BCD20341301015D4004CBB08 /* Release configuration for PBXNativeTarget "HeartChartUITests" */,
			);
			defaultConfigurationName = Release;
		};
/* End XCConfigurationList section */

/* Begin XCRemoteSwiftPackageReference section */
		BCD2034230101714004CBB08 /* XCRemoteSwiftPackageReference "polar-ble-sdk" */ = {
			isa = XCRemoteSwiftPackageReference;
			repositoryURL = "https://github.com/polarofficial/polar-ble-sdk.git";
			requirement = {
				kind = upToNextMajorVersion;
				minimumVersion = 8.1.0;
			};
		};
/* End XCRemoteSwiftPackageReference section */

/* Begin XCSwiftPackageProductDependency section */
		BCD2034330101714004CBB08 /* PolarBleSdk */ = {
			isa = XCSwiftPackageProductDependency;
			package = BCD2034230101714004CBB08 /* XCRemoteSwiftPackageReference "polar-ble-sdk" */;
			productName = PolarBleSdk;
		};
/* End XCSwiftPackageProductDependency section */
	};
	rootObject = BCD20310301015D3004CBB08 /* Project object */;
	validationLevel = 1;
}
